schemaVersion: devrune/lock/v1
manifestHash: sha256:2df88823a5a56cf1a33ff4dbc8e1fe0b810e6ee24803c7fccbf86563e97047fc
packages:
    - source:
        scheme: github
        owner: davidarce
        repo: devrune-starter-catalog
        ref: ""
        subpath: ""
        path: ""
        host: ""
      hash: sha256:13bcb962b7a85724b548651341ec7ba36832ede110fca8df059341bf711e660c
      contents:
        - kind: rule
          name: api/api-standards-rules
          path: rules/api/api-standards-rules.md
          description: REST API naming, validation, error models, versioning
          ruleMeta:
            scope: api
            technology: ""
            applies_to: api-first-adviser
            description: REST API naming, validation, error models, versioning
            display_name: api-standards
        - kind: rule
          name: architecture/4-rules-of-simple-design-rules
          path: rules/architecture/4-rules-of-simple-design-rules.md
          description: 'Kent Beck''s 4 Rules of Simple Design: test-first, clarity, DRY, minimality'
          ruleMeta:
            scope: architecture
            technology: ""
            applies_to: architect-adviser
            description: 'Kent Beck''s 4 Rules of Simple Design: test-first, clarity, DRY, minimality'
            display_name: 4-rules-of-simple-design
        - kind: rule
          name: architecture/clean-architecture-rules
          path: rules/architecture/clean-architecture-rules.md
          description: Hexagonal architecture, DDD patterns, ports and adapters
          ruleMeta:
            scope: architecture
            technology: ""
            applies_to: architect-adviser
            description: Hexagonal architecture, DDD patterns, ports and adapters
            display_name: clean-architecture
        - kind: rule
          name: tech/accessibility-standards-rules
          path: rules/tech/accessibility-standards-rules.md
          description: 'Web accessibility standards: WCAG 2.2 AA, ARIA patterns, keyboard navigation, semantic HTML.'
          ruleMeta:
            scope: tech
            technology: ""
            applies_to: a11y-adviser, component-adviser, frontend-test-adviser
            description: 'Web accessibility standards: WCAG 2.2 AA, ARIA patterns, keyboard navigation, semantic HTML.'
            display_name: a11y
        - kind: rule
          name: tech/frontend-testing-rules
          path: rules/tech/frontend-testing-rules.md
          description: 'Frontend testing standards: React Testing Library, Vitest/Jest, Cypress/Playwright e2e, test structure, mocking, coverage.'
          ruleMeta:
            scope: tech
            technology: ""
            applies_to: frontend-test-adviser, component-adviser
            description: 'Frontend testing standards: React Testing Library, Vitest/Jest, Cypress/Playwright e2e, test structure, mocking, coverage.'
            display_name: frontend-testing
        - kind: rule
          name: tech/java-spring-rules
          path: rules/tech/java-spring-rules.md
          description: 'Java Spring Boot conventions: module structure, DI, testing, API patterns'
          ruleMeta:
            scope: tech
            technology: java
            applies_to: architect-adviser, unit-test-adviser, integration-test-adviser, api-first-adviser
            description: 'Java Spring Boot conventions: module structure, DI, testing, API patterns'
            display_name: java-spring
        - kind: rule
          name: tech/microfrontends-rules
          path: rules/tech/microfrontends-rules.md
          description: 'Microfrontend architecture: host/shell mediator pattern, EventBus communication, no MFE versioning, zero breaking changes.'
          ruleMeta:
            scope: tech
            technology: ""
            applies_to: microfrontend-adviser, component-adviser
            description: 'Microfrontend architecture: host/shell mediator pattern, EventBus communication, no MFE versioning, zero breaking changes.'
            display_name: microfrontends
        - kind: rule
          name: tech/react-rules
          path: rules/tech/react-rules.md
          description: 'React and TypeScript coding standards: component patterns, hooks, props, naming, file structure.'
          ruleMeta:
            scope: tech
            technology: ""
            applies_to: component-adviser, frontend-test-adviser
            description: 'React and TypeScript coding standards: component patterns, hooks, props, naming, file structure.'
            display_name: react
        - kind: rule
          name: testing/adapter-it-patterns-rules
          path: rules/testing/adapter-it-patterns-rules.md
          description: Adapter integration test patterns with WireMock for HTTP service simulation
          ruleMeta:
            scope: testing
            technology: ""
            applies_to: integration-test-adviser
            description: Adapter integration test patterns with WireMock for HTTP service simulation
            display_name: adapter-it-patterns
        - kind: rule
          name: testing/java-unit-tests-rules
          path: rules/testing/java-unit-tests-rules.md
          description: Java Unit Test Standards
          ruleMeta:
            scope: testing
            technology: ""
            applies_to: unit-test-adviser
            description: Java Unit Test Standards
            display_name: java-unit-tests
        - kind: rule
          name: testing/mother-pattern-rules
          path: rules/testing/mother-pattern-rules.md
          description: Mother builder pattern, test data construction, BDDMockito
          ruleMeta:
            scope: testing
            technology: ""
            applies_to: unit-test-adviser
            description: Mother builder pattern, test data construction, BDDMockito
            display_name: mother-pattern
        - kind: skill
          name: api-first-adviser
          path: skills/api-first-adviser/
          description: API-first design patterns — OpenAPI, REST conventions, error models, versioning
        - kind: skill
          name: arch-flow-explorer
          path: skills/arch-flow-explorer/
          description: Generate interactive HTML playgrounds that visualize backend architecture flows as clickable node diagrams with pan/zoom and animated walkthroughs. Use when the user wants to understand, explain, document, or explore system flows, architectures, or component interactions. Triggers on natural language like "explícame el flujo de X", "muéstrame cómo funciona X", "show me the X flow", "visualize the X architecture", "how does X work", "explain the X pipeline", "diagram the X system". Produces a single self-contained HTML file with interactive nodes, animated connections, step-by-step playback, and contextual prompts.
        - kind: skill
          name: architect-adviser
          path: skills/architect-adviser/
          description: 'Clean architecture patterns: hexagonal, DDD, ports and adapters, layered design.'
        - kind: skill
          name: component-adviser
          path: skills/component-adviser/
          description: React component design patterns — composition, hooks, state management, performance
        - kind: skill
          name: frontend-test-adviser
          path: skills/frontend-test-adviser/
          description: Frontend testing patterns — React Testing Library, Vitest/Jest, Cypress e2e
        - kind: skill
          name: git-commit
          path: skills/git-commit/
          description: Automate git commits following Conventional Commits with JIRA ticket integration.
        - kind: skill
          name: git-pull-request
          path: skills/git-pull-request/
          description: Create pull requests with template selection and platform auto-detection (GitHub/GitLab).
        - kind: skill
          name: integration-test-adviser
          path: skills/integration-test-adviser/
          description: Integration test patterns — adapter testing, external service mocking, test slicing
        - kind: skill
          name: unit-test-adviser
          path: skills/unit-test-adviser/
          description: 'Domain unit test patterns: test structure, mocking strategies, test data builders, Given-When-Then.'
        - kind: skill
          name: web-accessibility-adviser
          path: skills/web-accessibility-adviser/
          description: Web accessibility patterns — WCAG 2.1 AA, ARIA, keyboard navigation, screen readers
mcps:
    - source:
        scheme: github
        owner: davidarce
        repo: devrune-starter-catalog
        ref: ""
        subpath: mcps/atlassian
        path: ""
        host: ""
      hash: sha256:13bcb962b7a85724b548651341ec7ba36832ede110fca8df059341bf711e660c
      name: atlassian
      dir: mcps/atlassian
    - source:
        scheme: github
        owner: davidarce
        repo: devrune-starter-catalog
        ref: ""
        subpath: mcps/context7
        path: ""
        host: ""
      hash: sha256:13bcb962b7a85724b548651341ec7ba36832ede110fca8df059341bf711e660c
      name: context7
      dir: mcps/context7
    - source:
        scheme: github
        owner: davidarce
        repo: devrune-starter-catalog
        ref: ""
        subpath: mcps/engram
        path: ""
        host: ""
      hash: sha256:13bcb962b7a85724b548651341ec7ba36832ede110fca8df059341bf711e660c
      name: engram
      dir: mcps/engram
    - source:
        scheme: github
        owner: davidarce
        repo: devrune-starter-catalog
        ref: ""
        subpath: mcps/exa
        path: ""
        host: ""
      hash: sha256:13bcb962b7a85724b548651341ec7ba36832ede110fca8df059341bf711e660c
      name: exa
      dir: mcps/exa
    - source:
        scheme: github
        owner: davidarce
        repo: devrune-starter-catalog
        ref: ""
        subpath: mcps/playwright
        path: ""
        host: ""
      hash: sha256:13bcb962b7a85724b548651341ec7ba36832ede110fca8df059341bf711e660c
      name: playwright
      dir: mcps/playwright
    - source:
        scheme: github
        owner: davidarce
        repo: devrune-starter-catalog
        ref: ""
        subpath: mcps/ref
        path: ""
        host: ""
      hash: sha256:13bcb962b7a85724b548651341ec7ba36832ede110fca8df059341bf711e660c
      name: ref
      dir: mcps/ref
workflows:
    - source:
        scheme: github
        owner: davidarce
        repo: devrune-starter-catalog
        ref: ""
        subpath: workflows/sdd
        path: ""
        host: ""
      hash: sha256:13bcb962b7a85724b548651341ec7ba36832ede110fca8df059341bf711e660c
      name: sdd
      dir: workflows/sdd
